PODS:
  - Permission/Core (2.0.4)
  - Permission/Location (2.0.4):
    - Permission/Core
  - RxPermission/Core (1.0.0):
    - Permission/Core
    - RxSwift
  - RxPermission/Location (1.0.0):
    - Permission/Location
    - RxPermission/Core
  - RxSwift (4.0.0)

DEPENDENCIES:
  - RxPermission/Location (from `../`)

EXTERNAL SOURCES:
  RxPermission:
    :path: ../

SPEC CHECKSUMS:
  Permission: 6853b9694e66a6c9197468c66d1935c3629cbf9c
  RxPermission: 34f2f8b2762240e630f36fec404f2ef75c212a59
  RxSwift: fd680d75283beb5e2559486f3c0ff852f0d35334

PODFILE CHECKSUM: cd0a926a155db9218e6cb71eec1b1857b7b2c1fa

COCOAPODS: 1.3.1
